{
  "name": "renpay-backend",
  "lockfileVersion": 3,
  "requires": true,
  "packages": {
    "": {
      "name": "renpay-backend",
      "dependencies": {
        "@hono/zod-validator": "^0.4.2",
        "@prisma/client": "^6.2.1",
        "bcryptjs": "^2.4.3",
        "hono": "^4.6.19",
        "ulid": "^2.3.0",
        "zod": "^3.24.1"
      },
      "devDependencies": {
        "@types/bcryptjs": "^2.4.6",
        "@types/bun": "latest",
        "prisma": "^6.2.1"
      }
    },
    "node_modules/@hono/zod-validator": {
      "version": "0.4.2",
      "license": "MIT",
      "peerDependencies": {
        "hono": ">=3.9.0",
        "zod": "^3.19.1"
      }
    },
    "node_modules/@prisma/client": {
      "version": "6.2.1",
      "hasInstallScript": true,
      "license": "Apache-2.0",
      "engines": {
        "node": ">=18.18"
      },
      "peerDependencies": {
        "prisma": "*"
      },
      "peerDependenciesMeta": {
        "prisma": {
          "optional": true
        }
      }
    },
    "node_modules/@prisma/debug": {
      "version": "6.2.1",
      "devOptional": true,
      "license": "Apache-2.0"
    },
    "node_modules/@prisma/engines": {
      "version": "6.2.1",
      "devOptional": true,
      "hasInstallScript": true,
      "license": "Apache-2.0",
      "dependencies": {
        "@prisma/debug": "6.2.1",
        "@prisma/engines-version": "6.2.0-14.4123509d24aa4dede1e864b46351bf2790323b69",
        "@prisma/fetch-engine": "6.2.1",
        "@prisma/get-platform": "6.2.1"
      }
    },
    "node_modules/@prisma/engines-version": {
      "version": "6.2.0-14.4123509d24aa4dede1e864b46351bf2790323b69",
      "devOptional": true,
      "license": "Apache-2.0"
    },
    "node_modules/@prisma/fetch-engine": {
      "version": "6.2.1",
      "devOptional": true,
      "license": "Apache-2.0",
      "dependencies": {
        "@prisma/debug": "6.2.1",
        "@prisma/engines-version": "6.2.0-14.4123509d24aa4dede1e864b46351bf2790323b69",
        "@prisma/get-platform": "6.2.1"
      }
    },
    "node_modules/@prisma/get-platform": {
      "version": "6.2.1",
      "devOptional": true,
      "license": "Apache-2.0",
      "dependencies": {
        "@prisma/debug": "6.2.1"
      }
    },
    "node_modules/@types/bcryptjs": {
      "version": "2.4.6",
      "dev": true,
      "license": "MIT"
    },
    "node_modules/@types/bun": {
      "version": "1.2.1",
      "resolved": "https://registry.npmjs.org/@types/bun/-/bun-1.2.1.tgz",
      "integrity": "sha512-iiCeMAKMkft8EPQJxSbpVRD0DKqrh91w40zunNajce3nMNNFd/LnAquVisSZC+UpTMjDwtcdyzbWct08IvEqRA==",
      "dev": true,
      "dependencies": {
        "bun-types": "1.2.1"
      }
    },
    "node_modules/@types/node": {
      "version": "22.12.0",
      "resolved": "https://registry.npmjs.org/@types/node/-/node-22.12.0.tgz",
      "integrity": "sha512-Fll2FZ1riMjNmlmJOdAyY5pUbkftXslB5DgEzlIuNaiWhXd00FhWxVC/r4yV/4wBb9JfImTu+jiSvXTkJ7F/gA==",
      "dev": true,
      "dependencies": {
        "undici-types": "~6.20.0"
      }
    },
    "node_modules/@types/ws": {
      "version": "8.5.14",
      "resolved": "https://registry.npmjs.org/@types/ws/-/ws-8.5.14.tgz",
      "integrity": "sha512-bd/YFLW+URhBzMXurx7lWByOu+xzU9+kb3RboOteXYDfW+tr+JZa99OyNmPINEGB/ahzKrEuc8rcv4gnpJmxTw==",
      "dev": true,
      "dependencies": {
        "@types/node": "*"
      }
    },
    "node_modules/bcryptjs": {
      "version": "2.4.3",
      "license": "MIT"
    },
    "node_modules/bun-types": {
      "version": "1.2.1",
      "resolved": "https://registry.npmjs.org/bun-types/-/bun-types-1.2.1.tgz",
      "integrity": "sha512-p7bmXUWmrPWxhcbFVk7oUXM5jAGt94URaoa3qf4mz43MEhNAo/ot1urzBqctgvuq7y9YxkuN51u+/qm4BiIsHw==",
      "dev": true,
      "dependencies": {
        "@types/node": "*",
        "@types/ws": "~8.5.10"
      }
    },
    "node_modules/hono": {
      "version": "4.6.19",
      "license": "MIT",
      "engines": {
        "node": ">=16.9.0"
      }
    },
    "node_modules/prisma": {
      "version": "6.2.1",
      "devOptional": true,
      "hasInstallScript": true,
      "license": "Apache-2.0",
      "dependencies": {
        "@prisma/engines": "6.2.1"
      },
      "bin": {
        "prisma": "build/index.js"
      },
      "engines": {
        "node": ">=18.18"
      },
      "optionalDependencies": {
        "fsevents": "2.3.3"
      }
    },
    "node_modules/ulid": {
      "version": "2.3.0",
      "resolved": "https://registry.npmjs.org/ulid/-/ulid-2.3.0.tgz",
      "integrity": "sha512-keqHubrlpvT6G2wH0OEfSW4mquYRcbe/J8NMmveoQOjUqmo+hXtO+ORCpWhdbZ7k72UtY61BL7haGxW6enBnjw==",
      "bin": {
        "ulid": "bin/cli.js"
      }
    },
    "node_modules/undici-types": {
      "version": "6.20.0",
      "resolved": "https://registry.npmjs.org/undici-types/-/undici-types-6.20.0.tgz",
      "integrity": "sha512-Ny6QZ2Nju20vw1SRHe3d9jVu6gJ+4e3+MMpqu7pqE5HT6WsTSlce++GQmK5UXS8mzV8DSYHrQH+Xrf2jVcuKNg==",
      "dev": true
    },
    "node_modules/zod": {
      "version": "3.24.1",
      "license": "MIT",
      "funding": {
        "url": "https://github.com/sponsors/colinhacks"
      }
    }
  }
}
